
Microsoft Visual Studio Solution File, Format Version 12.00
Project("{FAE04EC0-301F-11D3-BF4B-00C04F79EFBC}") = "Data", "Data\Data.csproj", "{324C29AE-8FD7-4830-AC68-22C1255355C4}"
EndProject
Project("{FAE04EC0-301F-11D3-BF4B-00C04F79EFBC}") = "Business", "Business\Business.csproj", "{E3B9FA75-CE97-4917-8141-D486838A5D04}"
EndProject
Project("{FAE04EC0-301F-11D3-BF4B-00C04F79EFBC}") = "ProjectManagmentAPI", "ProjectManagmentAPI\ProjectManagmentAPI.csproj", "{01CE520C-D349-4550-A7CD-96E005072D8A}"
EndProject
Global
	GlobalSection(SolutionConfigurationPlatforms) = preSolution
		Debug|Any CPU = Debug|Any CPU
		Release|Any CPU = Release|Any CPU
	EndGlobalSection
	GlobalSection(ProjectConfigurationPlatforms) = postSolution
		{324C29AE-8FD7-4830-AC68-22C1255355C4}.Debug|Any CPU.ActiveCfg = Debug|Any CPU
		{324C29AE-8FD7-4830-AC68-22C1255355C4}.Debug|Any CPU.Build.0 = Debug|Any CPU
		{324C29AE-8FD7-4830-AC68-22C1255355C4}.Release|Any CPU.ActiveCfg = Release|Any CPU
		{324C29AE-8FD7-4830-AC68-22C1255355C4}.Release|Any CPU.Build.0 = Release|Any CPU
		{E3B9FA75-CE97-4917-8141-D486838A5D04}.Debug|Any CPU.ActiveCfg = Debug|Any CPU
		{E3B9FA75-CE97-4917-8141-D486838A5D04}.Debug|Any CPU.Build.0 = Debug|Any CPU
		{E3B9FA75-CE97-4917-8141-D486838A5D04}.Release|Any CPU.ActiveCfg = Release|Any CPU
		{E3B9FA75-CE97-4917-8141-D486838A5D04}.Release|Any CPU.Build.0 = Release|Any CPU
		{01CE520C-D349-4550-A7CD-96E005072D8A}.Debug|Any CPU.ActiveCfg = Debug|Any CPU
		{01CE520C-D349-4550-A7CD-96E005072D8A}.Debug|Any CPU.Build.0 = Debug|Any CPU
		{01CE520C-D349-4550-A7CD-96E005072D8A}.Release|Any CPU.ActiveCfg = Release|Any CPU
		{01CE520C-D349-4550-A7CD-96E005072D8A}.Release|Any CPU.Build.0 = Release|Any CPU
	EndGlobalSection
EndGlobal
